// !$*UTF8*$!
{
	archiveVersion = 1;
	classes = {
	};
	objectVersion = 63;
	objects = {

/* Begin PBXBuildFile section */
		101000000000000000000001 /* VocalDiveApp.swift in Sources */ = {isa = PBXBuildFile; fileRef = 102000000000000000000001 /* VocalDiveApp.swift */; };
		101000000000000000000002 /* AppSection.swift in Sources */ = {isa = PBXBuildFile; fileRef = 102000000000000000000002 /* AppSection.swift */; };
		101000000000000000000003 /* MIDIPlaybackService.swift in Sources */ = {isa = PBXBuildFile; fileRef = 102000000000000000000003 /* MIDIPlaybackService.swift */; };
		101000000000000000000004 /* VocalDiveWorkspace.swift in Sources */ = {isa = PBXBuildFile; fileRef = 102000000000000000000004 /* VocalDiveWorkspace.swift */; };
		101000000000000000000005 /* SampleScoreLibrary.swift in Sources */ = {isa = PBXBuildFile; fileRef = 102000000000000000000005 /* SampleScoreLibrary.swift */; };
		101000000000000000000006 /* ScoreFormatting.swift in Sources */ = {isa = PBXBuildFile; fileRef = 102000000000000000000006 /* ScoreFormatting.swift */; };
		101000000000000000000007 /* ContentView.swift in Sources */ = {isa = PBXBuildFile; fileRef = 102000000000000000000007 /* ContentView.swift */; };
		101000000000000000000008 /* DashboardView.swift in Sources */ = {isa = PBXBuildFile; fileRef = 102000000000000000000008 /* DashboardView.swift */; };
		101000000000000000000009 /* PracticeView.swift in Sources */ = {isa = PBXBuildFile; fileRef = 102000000000000000000009 /* PracticeView.swift */; };
		10100000000000000000000B /* ScoreWorkspaceView.swift in Sources */ = {isa = PBXBuildFile; fileRef = 10200000000000000000000B /* ScoreWorkspaceView.swift */; };
		10100000000000000000000C /* SharedComponents.swift in Sources */ = {isa = PBXBuildFile; fileRef = 10200000000000000000000C /* SharedComponents.swift */; };
		10100000000000000000000D /* SidebarView.swift in Sources */ = {isa = PBXBuildFile; fileRef = 10200000000000000000000D /* SidebarView.swift */; };
		10100000000000000000000E /* MIDIWriter.swift in Sources */ = {isa = PBXBuildFile; fileRef = 10200000000000000000000E /* MIDIWriter.swift */; };
		10100000000000000000000F /* MusicXMLImporter.swift in Sources */ = {isa = PBXBuildFile; fileRef = 10200000000000000000000F /* MusicXMLImporter.swift */; };
		101000000000000000000010 /* PitchAnalysis.swift in Sources */ = {isa = PBXBuildFile; fileRef = 102000000000000000000010 /* PitchAnalysis.swift */; };
		101000000000000000000011 /* ScoreDocument.swift in Sources */ = {isa = PBXBuildFile; fileRef = 102000000000000000000011 /* ScoreDocument.swift */; };
		101000000000000000000012 /* OMRPipeline.swift in Sources */ = {isa = PBXBuildFile; fileRef = 102000000000000000000013 /* OMRPipeline.swift */; };
		101000000000000000000013 /* YINPitchTracker.swift in Sources */ = {isa = PBXBuildFile; fileRef = 102000000000000000000014 /* YINPitchTracker.swift */; };
		101000000000000000000014 /* LivePitchCaptureService.swift in Sources */ = {isa = PBXBuildFile; fileRef = 102000000000000000000015 /* LivePitchCaptureService.swift */; };
		101000000000000000000015 /* UsageTrackingStore.swift in Sources */ = {isa = PBXBuildFile; fileRef = 102000000000000000000016 /* UsageTrackingStore.swift */; };
		101000000000000000000016 /* SupportView.swift in Sources */ = {isa = PBXBuildFile; fileRef = 102000000000000000000017 /* SupportView.swift */; };
		101000000000000000000017 /* UsageAnalytics.swift in Sources */ = {isa = PBXBuildFile; fileRef = 102000000000000000000018 /* UsageAnalytics.swift */; };
		101000000000000000000018 /* MusicXMLComposer.swift in Sources */ = {isa = PBXBuildFile; fileRef = 102000000000000000000019 /* MusicXMLComposer.swift */; };
		101000000000000000000019 /* ScoreComposerView.swift in Sources */ = {isa = PBXBuildFile; fileRef = 10200000000000000000001A /* ScoreComposerView.swift */; };
		10100000000000000000001A /* ExperimentalFeaturesView.swift in Sources */ = {isa = PBXBuildFile; fileRef = 10200000000000000000001B /* ExperimentalFeaturesView.swift */; };
		10100000000000000000001B /* ExperimentalFeature.swift in Sources */ = {isa = PBXBuildFile; fileRef = 10200000000000000000001C /* ExperimentalFeature.swift */; };
		10100000000000000000001C /* Localization.swift in Sources */ = {isa = PBXBuildFile; fileRef = 10200000000000000000001D /* Localization.swift */; };
		10100000000000000000001D /* LocalizationAliases.json in Resources */ = {isa = PBXBuildFile; fileRef = 10200000000000000000002A /* LocalizationAliases.json */; };
		101000000000000000000027 /* AppResourceLocator.swift in Sources */ = {isa = PBXBuildFile; fileRef = 10200000000000000000003C /* AppResourceLocator.swift */; };
		101000000000000000000028 /* FeedbackConfiguration.json in Resources */ = {isa = PBXBuildFile; fileRef = 10200000000000000000002B /* FeedbackConfiguration.json */; };
		101000000000000000000029 /* OSMD in Resources */ = {isa = PBXBuildFile; fileRef = 10200000000000000000002C /* OSMD */; };
		10100000000000000000002A /* SampleScores in Resources */ = {isa = PBXBuildFile; fileRef = 10200000000000000000002D /* SampleScores */; };
		10100000000000000000002B /* Localizable.strings in Resources */ = {isa = PBXBuildFile; fileRef = 112000000000000000000001 /* Localizable.strings */; };
		10100000000000000000001E /* LocalizedPresentation.swift in Sources */ = {isa = PBXBuildFile; fileRef = 10200000000000000000001F /* LocalizedPresentation.swift */; };
		10100000000000000000001F /* FeedbackConfiguration.swift in Sources */ = {isa = PBXBuildFile; fileRef = 102000000000000000000020 /* FeedbackConfiguration.swift */; };
		101000000000000000000020 /* FeedbackSubmissionService.swift in Sources */ = {isa = PBXBuildFile; fileRef = 102000000000000000000021 /* FeedbackSubmissionService.swift */; };
		101000000000000000000021 /* PersistenceModels.swift in Sources */ = {isa = PBXBuildFile; fileRef = 102000000000000000000022 /* PersistenceModels.swift */; };
		101000000000000000000022 /* ImportedAssetStore.swift in Sources */ = {isa = PBXBuildFile; fileRef = 102000000000000000000023 /* ImportedAssetStore.swift */; };
		101000000000000000000023 /* PersistenceCoordinator.swift in Sources */ = {isa = PBXBuildFile; fileRef = 102000000000000000000024 /* PersistenceCoordinator.swift */; };
		101000000000000000000024 /* NativeOMRPrototypeService.swift in Sources */ = {isa = PBXBuildFile; fileRef = 102000000000000000000025 /* NativeOMRPrototypeService.swift */; };
		101000000000000000000025 /* NativeOMRPrototype.swift in Sources */ = {isa = PBXBuildFile; fileRef = 102000000000000000000026 /* NativeOMRPrototype.swift */; };
		101000000000000000000026 /* ScoreReviewSession.swift in Sources */ = {isa = PBXBuildFile; fileRef = 102000000000000000000027 /* ScoreReviewSession.swift */; };
/* End PBXBuildFile section */

/* Begin PBXFileReference section */
		102000000000000000000028 /* SharedSigningDefaults.xcconfig */ = {isa = PBXFileReference; lastKnownFileType = text.xcconfig; path = SharedSigningDefaults.xcconfig; sourceTree = "<group>"; };
		102000000000000000000029 /* LocalDevelopment.xcconfig.example */ = {isa = PBXFileReference; lastKnownFileType = text.xcconfig; path = LocalDevelopment.xcconfig.example; sourceTree = "<group>"; };
		102000000000000000000001 /* VocalDiveApp.swift */ = {isa = PBXFileReference; lastKnownFileType = sourcecode.swift; path = VocalDiveApp.swift; sourceTree = "<group>"; };
		102000000000000000000002 /* AppSection.swift */ = {isa = PBXFileReference; lastKnownFileType = sourcecode.swift; path = AppSection.swift; sourceTree = "<group>"; };
		102000000000000000000003 /* MIDIPlaybackService.swift */ = {isa = PBXFileReference; lastKnownFileType = sourcecode.swift; path = MIDIPlaybackService.swift; sourceTree = "<group>"; };
		102000000000000000000004 /* VocalDiveWorkspace.swift */ = {isa = PBXFileReference; lastKnownFileType = sourcecode.swift; path = VocalDiveWorkspace.swift; sourceTree = "<group>"; };
		102000000000000000000005 /* SampleScoreLibrary.swift */ = {isa = PBXFileReference; lastKnownFileType = sourcecode.swift; path = SampleScoreLibrary.swift; sourceTree = "<group>"; };
		102000000000000000000006 /* ScoreFormatting.swift */ = {isa = PBXFileReference; lastKnownFileType = sourcecode.swift; path = ScoreFormatting.swift; sourceTree = "<group>"; };
		102000000000000000000007 /* ContentView.swift */ = {isa = PBXFileReference; lastKnownFileType = sourcecode.swift; path = ContentView.swift; sourceTree = "<group>"; };
		102000000000000000000008 /* DashboardView.swift */ = {isa = PBXFileReference; lastKnownFileType = sourcecode.swift; path = DashboardView.swift; sourceTree = "<group>"; };
		102000000000000000000009 /* PracticeView.swift */ = {isa = PBXFileReference; lastKnownFileType = sourcecode.swift; path = PracticeView.swift; sourceTree = "<group>"; };
		10200000000000000000000B /* ScoreWorkspaceView.swift */ = {isa = PBXFileReference; lastKnownFileType = sourcecode.swift; path = ScoreWorkspaceView.swift; sourceTree = "<group>"; };
		10200000000000000000000C /* SharedComponents.swift */ = {isa = PBXFileReference; lastKnownFileType = sourcecode.swift; path = SharedComponents.swift; sourceTree = "<group>"; };
		10200000000000000000000D /* SidebarView.swift */ = {isa = PBXFileReference; lastKnownFileType = sourcecode.swift; path = SidebarView.swift; sourceTree = "<group>"; };
		10200000000000000000000E /* MIDIWriter.swift */ = {isa = PBXFileReference; lastKnownFileType = sourcecode.swift; path = MIDIWriter.swift; sourceTree = "<group>"; };
		10200000000000000000000F /* MusicXMLImporter.swift */ = {isa = PBXFileReference; lastKnownFileType = sourcecode.swift; path = MusicXMLImporter.swift; sourceTree = "<group>"; };
		102000000000000000000010 /* PitchAnalysis.swift */ = {isa = PBXFileReference; lastKnownFileType = sourcecode.swift; path = PitchAnalysis.swift; sourceTree = "<group>"; };
		102000000000000000000011 /* ScoreDocument.swift */ = {isa = PBXFileReference; lastKnownFileType = sourcecode.swift; path = ScoreDocument.swift; sourceTree = "<group>"; };
		102000000000000000000012 /* VocalDive.app */ = {isa = PBXFileReference; explicitFileType = wrapper.application; includeInIndex = 0; path = VocalDive.app; sourceTree = BUILT_PRODUCTS_DIR; };
		102000000000000000000013 /* OMRPipeline.swift */ = {isa = PBXFileReference; lastKnownFileType = sourcecode.swift; path = OMRPipeline.swift; sourceTree = "<group>"; };
		102000000000000000000014 /* YINPitchTracker.swift */ = {isa = PBXFileReference; lastKnownFileType = sourcecode.swift; path = YINPitchTracker.swift; sourceTree = "<group>"; };
		102000000000000000000015 /* LivePitchCaptureService.swift */ = {isa = PBXFileReference; lastKnownFileType = sourcecode.swift; path = LivePitchCaptureService.swift; sourceTree = "<group>"; };
		102000000000000000000016 /* UsageTrackingStore.swift */ = {isa = PBXFileReference; lastKnownFileType = sourcecode.swift; path = UsageTrackingStore.swift; sourceTree = "<group>"; };
		102000000000000000000017 /* SupportView.swift */ = {isa = PBXFileReference; lastKnownFileType = sourcecode.swift; path = SupportView.swift; sourceTree = "<group>"; };
		102000000000000000000018 /* UsageAnalytics.swift */ = {isa = PBXFileReference; lastKnownFileType = sourcecode.swift; path = UsageAnalytics.swift; sourceTree = "<group>"; };
		102000000000000000000019 /* MusicXMLComposer.swift */ = {isa = PBXFileReference; lastKnownFileType = sourcecode.swift; path = MusicXMLComposer.swift; sourceTree = "<group>"; };
		10200000000000000000001A /* ScoreComposerView.swift */ = {isa = PBXFileReference; lastKnownFileType = sourcecode.swift; path = ScoreComposerView.swift; sourceTree = "<group>"; };
		10200000000000000000001B /* ExperimentalFeaturesView.swift */ = {isa = PBXFileReference; lastKnownFileType = sourcecode.swift; path = ExperimentalFeaturesView.swift; sourceTree = "<group>"; };
		10200000000000000000001C /* ExperimentalFeature.swift */ = {isa = PBXFileReference; lastKnownFileType = sourcecode.swift; path = ExperimentalFeature.swift; sourceTree = "<group>"; };
		10200000000000000000001D /* Localization.swift */ = {isa = PBXFileReference; lastKnownFileType = sourcecode.swift; path = Localization.swift; sourceTree = "<group>"; };
		10200000000000000000002A /* LocalizationAliases.json */ = {isa = PBXFileReference; lastKnownFileType = text.json; path = LocalizationAliases.json; sourceTree = "<group>"; };
		10200000000000000000002B /* FeedbackConfiguration.json */ = {isa = PBXFileReference; lastKnownFileType = text.json; path = FeedbackConfiguration.json; sourceTree = "<group>"; };
		10200000000000000000002C /* OSMD */ = {isa = PBXFileReference; lastKnownFileType = folder; path = OSMD; sourceTree = "<group>"; };
		10200000000000000000002D /* SampleScores */ = {isa = PBXFileReference; lastKnownFileType = folder; path = SampleScores; sourceTree = "<group>"; };
		10200000000000000000002E /* en.lproj/Localizable.strings */ = {isa = PBXFileReference; lastKnownFileType = text.plist.strings; name = Localizable.strings; path = en.lproj/Localizable.strings; sourceTree = "<group>"; };
		10200000000000000000002F /* zh-Hant.lproj/Localizable.strings */ = {isa = PBXFileReference; lastKnownFileType = text.plist.strings; name = Localizable.strings; path = zh-Hant.lproj/Localizable.strings; sourceTree = "<group>"; };
		102000000000000000000030 /* zh-Hans.lproj/Localizable.strings */ = {isa = PBXFileReference; lastKnownFileType = text.plist.strings; name = Localizable.strings; path = zh-Hans.lproj/Localizable.strings; sourceTree = "<group>"; };
		102000000000000000000031 /* yue.lproj/Localizable.strings */ = {isa = PBXFileReference; lastKnownFileType = text.plist.strings; name = Localizable.strings; path = yue.lproj/Localizable.strings; sourceTree = "<group>"; };
		102000000000000000000032 /* es.lproj/Localizable.strings */ = {isa = PBXFileReference; lastKnownFileType = text.plist.strings; name = Localizable.strings; path = es.lproj/Localizable.strings; sourceTree = "<group>"; };
		102000000000000000000033 /* ar.lproj/Localizable.strings */ = {isa = PBXFileReference; lastKnownFileType = text.plist.strings; name = Localizable.strings; path = ar.lproj/Localizable.strings; sourceTree = "<group>"; };
		102000000000000000000034 /* ru.lproj/Localizable.strings */ = {isa = PBXFileReference; lastKnownFileType = text.plist.strings; name = Localizable.strings; path = ru.lproj/Localizable.strings; sourceTree = "<group>"; };
		102000000000000000000035 /* pt.lproj/Localizable.strings */ = {isa = PBXFileReference; lastKnownFileType = text.plist.strings; name = Localizable.strings; path = pt.lproj/Localizable.strings; sourceTree = "<group>"; };
		102000000000000000000036 /* id.lproj/Localizable.strings */ = {isa = PBXFileReference; lastKnownFileType = text.plist.strings; name = Localizable.strings; path = id.lproj/Localizable.strings; sourceTree = "<group>"; };
		102000000000000000000037 /* ja.lproj/Localizable.strings */ = {isa = PBXFileReference; lastKnownFileType = text.plist.strings; name = Localizable.strings; path = ja.lproj/Localizable.strings; sourceTree = "<group>"; };
		102000000000000000000038 /* ko.lproj/Localizable.strings */ = {isa = PBXFileReference; lastKnownFileType = text.plist.strings; name = Localizable.strings; path = ko.lproj/Localizable.strings; sourceTree = "<group>"; };
		102000000000000000000039 /* th.lproj/Localizable.strings */ = {isa = PBXFileReference; lastKnownFileType = text.plist.strings; name = Localizable.strings; path = th.lproj/Localizable.strings; sourceTree = "<group>"; };
		10200000000000000000003A /* it.lproj/Localizable.strings */ = {isa = PBXFileReference; lastKnownFileType = text.plist.strings; name = Localizable.strings; path = it.lproj/Localizable.strings; sourceTree = "<group>"; };
		10200000000000000000003B /* de.lproj/Localizable.strings */ = {isa = PBXFileReference; lastKnownFileType = text.plist.strings; name = Localizable.strings; path = de.lproj/Localizable.strings; sourceTree = "<group>"; };
		10200000000000000000003C /* AppResourceLocator.swift */ = {isa = PBXFileReference; lastKnownFileType = sourcecode.swift; path = AppResourceLocator.swift; sourceTree = "<group>"; };
		10200000000000000000001F /* LocalizedPresentation.swift */ = {isa = PBXFileReference; lastKnownFileType = sourcecode.swift; path = LocalizedPresentation.swift; sourceTree = "<group>"; };
		102000000000000000000020 /* FeedbackConfiguration.swift */ = {isa = PBXFileReference; lastKnownFileType = sourcecode.swift; path = FeedbackConfiguration.swift; sourceTree = "<group>"; };
		102000000000000000000021 /* FeedbackSubmissionService.swift */ = {isa = PBXFileReference; lastKnownFileType = sourcecode.swift; path = FeedbackSubmissionService.swift; sourceTree = "<group>"; };
		102000000000000000000022 /* PersistenceModels.swift */ = {isa = PBXFileReference; lastKnownFileType = sourcecode.swift; path = PersistenceModels.swift; sourceTree = "<group>"; };
		102000000000000000000023 /* ImportedAssetStore.swift */ = {isa = PBXFileReference; lastKnownFileType = sourcecode.swift; path = ImportedAssetStore.swift; sourceTree = "<group>"; };
		102000000000000000000024 /* PersistenceCoordinator.swift */ = {isa = PBXFileReference; lastKnownFileType = sourcecode.swift; path = PersistenceCoordinator.swift; sourceTree = "<group>"; };
		102000000000000000000025 /* NativeOMRPrototypeService.swift */ = {isa = PBXFileReference; lastKnownFileType = sourcecode.swift; path = NativeOMRPrototypeService.swift; sourceTree = "<group>"; };
		102000000000000000000026 /* NativeOMRPrototype.swift */ = {isa = PBXFileReference; lastKnownFileType = sourcecode.swift; path = NativeOMRPrototype.swift; sourceTree = "<group>"; };
		102000000000000000000027 /* ScoreReviewSession.swift */ = {isa = PBXFileReference; lastKnownFileType = sourcecode.swift; path = ScoreReviewSession.swift; sourceTree = "<group>"; };
/* End PBXFileReference section */

/* Begin PBXVariantGroup section */
		112000000000000000000001 /* Localizable.strings */ = {
			isa = PBXVariantGroup;
			children = (
				10200000000000000000002E /* en.lproj/Localizable.strings */,
				10200000000000000000002F /* zh-Hant.lproj/Localizable.strings */,
				102000000000000000000030 /* zh-Hans.lproj/Localizable.strings */,
				102000000000000000000031 /* yue.lproj/Localizable.strings */,
				102000000000000000000032 /* es.lproj/Localizable.strings */,
				102000000000000000000033 /* ar.lproj/Localizable.strings */,
				102000000000000000000034 /* ru.lproj/Localizable.strings */,
				102000000000000000000035 /* pt.lproj/Localizable.strings */,
				102000000000000000000036 /* id.lproj/Localizable.strings */,
				102000000000000000000037 /* ja.lproj/Localizable.strings */,
				102000000000000000000038 /* ko.lproj/Localizable.strings */,
				102000000000000000000039 /* th.lproj/Localizable.strings */,
				10200000000000000000003A /* it.lproj/Localizable.strings */,
				10200000000000000000003B /* de.lproj/Localizable.strings */,
			);
			name = Localizable.strings;
			sourceTree = "<group>";
		};
/* End PBXVariantGroup section */

/* Begin PBXFrameworksBuildPhase section */
		103000000000000000000001 /* Frameworks */ = {
			isa = PBXFrameworksBuildPhase;
			buildActionMask = 2147483647;
			files = (
			);
			runOnlyForDeploymentPostprocessing = 0;
		};
/* End PBXFrameworksBuildPhase section */

/* Begin PBXGroup section */
		104000000000000000000001 = {
			isa = PBXGroup;
			children = (
				10400000000000000000000B /* Config */,
				104000000000000000000002 /* VocalDiveApp */,
				104000000000000000000009 /* VocalDiveCore */,
				10400000000000000000000A /* Products */,
			);
			sourceTree = "<group>";
		};
		104000000000000000000002 /* VocalDiveApp */ = {
			isa = PBXGroup;
			children = (
				104000000000000000000003 /* App */,
				104000000000000000000004 /* Models */,
				104000000000000000000005 /* Services */,
				104000000000000000000006 /* Stores */,
				104000000000000000000007 /* Support */,
				104000000000000000000008 /* Views */,
			);
			name = VocalDiveApp;
			sourceTree = "<group>";
		};
		104000000000000000000003 /* App */ = {
			isa = PBXGroup;
			children = (
				102000000000000000000001 /* VocalDiveApp.swift */,
			);
			name = App;
			path = VocalDiveCore/Sources/VocalDiveApp/App;
			sourceTree = "<group>";
		};
		104000000000000000000004 /* Models */ = {
			isa = PBXGroup;
			children = (
				102000000000000000000002 /* AppSection.swift */,
			);
			name = Models;
			path = VocalDiveCore/Sources/VocalDiveApp/Models;
			sourceTree = "<group>";
		};
		104000000000000000000005 /* Services */ = {
			isa = PBXGroup;
			children = (
				102000000000000000000003 /* MIDIPlaybackService.swift */,
				102000000000000000000021 /* FeedbackSubmissionService.swift */,
				102000000000000000000022 /* PersistenceModels.swift */,
				102000000000000000000023 /* ImportedAssetStore.swift */,
				102000000000000000000024 /* PersistenceCoordinator.swift */,
				102000000000000000000025 /* NativeOMRPrototypeService.swift */,
				102000000000000000000015 /* LivePitchCaptureService.swift */,
				102000000000000000000016 /* UsageTrackingStore.swift */,
			);
			name = Services;
			path = VocalDiveCore/Sources/VocalDiveApp/Services;
			sourceTree = "<group>";
		};
		104000000000000000000006 /* Stores */ = {
			isa = PBXGroup;
			children = (
				102000000000000000000004 /* VocalDiveWorkspace.swift */,
			);
			name = Stores;
			path = VocalDiveCore/Sources/VocalDiveApp/Stores;
			sourceTree = "<group>";
		};
		104000000000000000000007 /* Support */ = {
			isa = PBXGroup;
			children = (
				10200000000000000000001D /* Localization.swift */,
				10200000000000000000003C /* AppResourceLocator.swift */,
				10200000000000000000001F /* LocalizedPresentation.swift */,
				102000000000000000000020 /* FeedbackConfiguration.swift */,
				102000000000000000000027 /* ScoreReviewSession.swift */,
				102000000000000000000005 /* SampleScoreLibrary.swift */,
				102000000000000000000006 /* ScoreFormatting.swift */,
				10400000000000000000000D /* Resources */,
			);
			name = Support;
			path = VocalDiveCore/Sources/VocalDiveApp/Support;
			sourceTree = "<group>";
		};
		10400000000000000000000D /* Resources */ = {
			isa = PBXGroup;
			children = (
				10200000000000000000002A /* LocalizationAliases.json */,
				10200000000000000000002B /* FeedbackConfiguration.json */,
				10200000000000000000002C /* OSMD */,
				10200000000000000000002D /* SampleScores */,
				112000000000000000000001 /* Localizable.strings */,
			);
			name = Resources;
			path = ../Resources;
			sourceTree = "<group>";
		};
		104000000000000000000008 /* Views */ = {
			isa = PBXGroup;
			children = (
				102000000000000000000007 /* ContentView.swift */,
				102000000000000000000008 /* DashboardView.swift */,
				10200000000000000000001B /* ExperimentalFeaturesView.swift */,
				102000000000000000000009 /* PracticeView.swift */,
				10200000000000000000001A /* ScoreComposerView.swift */,
				10200000000000000000000B /* ScoreWorkspaceView.swift */,
				10200000000000000000000C /* SharedComponents.swift */,
				10200000000000000000000D /* SidebarView.swift */,
				102000000000000000000017 /* SupportView.swift */,
			);
			name = Views;
			path = VocalDiveCore/Sources/VocalDiveApp/Views;
			sourceTree = "<group>";
		};
		104000000000000000000009 /* VocalDiveCore */ = {
			isa = PBXGroup;
			children = (
				10200000000000000000000E /* MIDIWriter.swift */,
				10200000000000000000001C /* ExperimentalFeature.swift */,
				102000000000000000000019 /* MusicXMLComposer.swift */,
				10200000000000000000000F /* MusicXMLImporter.swift */,
				102000000000000000000026 /* NativeOMRPrototype.swift */,
				102000000000000000000013 /* OMRPipeline.swift */,
				102000000000000000000010 /* PitchAnalysis.swift */,
				102000000000000000000011 /* ScoreDocument.swift */,
				102000000000000000000018 /* UsageAnalytics.swift */,
				102000000000000000000014 /* YINPitchTracker.swift */,
			);
			name = VocalDiveCore;
			path = VocalDiveCore/Sources/VocalDiveCore;
			sourceTree = "<group>";
		};
		10400000000000000000000A /* Products */ = {
			isa = PBXGroup;
			children = (
				102000000000000000000012 /* VocalDive.app */,
			);
			name = Products;
			sourceTree = "<group>";
		};
		10400000000000000000000B /* Config */ = {
			isa = PBXGroup;
			children = (
				10400000000000000000000C /* Signing */,
			);
			path = Config;
			sourceTree = "<group>";
		};
		10400000000000000000000C /* Signing */ = {
			isa = PBXGroup;
			children = (
				102000000000000000000028 /* SharedSigningDefaults.xcconfig */,
				102000000000000000000029 /* LocalDevelopment.xcconfig.example */,
			);
			path = Signing;
			sourceTree = "<group>";
		};
/* End PBXGroup section */

/* Begin PBXNativeTarget section */
		105000000000000000000001 /* VocalDive */ = {
			isa = PBXNativeTarget;
			buildConfigurationList = 109000000000000000000002 /* Build configuration list for PBXNativeTarget "VocalDive" */;
			buildPhases = (
				107000000000000000000001 /* Sources */,
				103000000000000000000001 /* Frameworks */,
				106000000000000000000001 /* Resources */,
			);
			buildRules = (
			);
			dependencies = (
			);
			name = VocalDive;
			productName = VocalDive;
			productReference = 102000000000000000000012 /* VocalDive.app */;
			productType = "com.apple.product-type.application";
		};
/* End PBXNativeTarget section */

/* Begin PBXProject section */
		108000000000000000000001 /* Project object */ = {
			isa = PBXProject;
			attributes = {
				BuildIndependentTargetsInParallel = 1;
				LastSwiftUpdateCheck = 2650;
				LastUpgradeCheck = 2650;
				TargetAttributes = {
					105000000000000000000001 = {
						CreatedOnToolsVersion = 26.5;
					};
				};
			};
			buildConfigurationList = 109000000000000000000001 /* Build configuration list for PBXProject "VocalDive" */;
			compatibilityVersion = "Xcode 15.0";
			developmentRegion = en;
			hasScannedForEncodings = 0;
			knownRegions = (
				en,
				Base,
				zh-Hant,
				zh-Hans,
				yue,
				es,
				ar,
				ru,
				pt,
				id,
				ja,
				ko,
				th,
				it,
				de,
			);
			mainGroup = 104000000000000000000001;
			minimizedProjectReferenceProxies = 1;
			productRefGroup = 10400000000000000000000A /* Products */;
			projectDirPath = "";
			projectRoot = "";
			targets = (
				105000000000000000000001 /* VocalDive */,
			);
		};
/* End PBXProject section */

/* Begin PBXResourcesBuildPhase section */
		106000000000000000000001 /* Resources */ = {
			isa = PBXResourcesBuildPhase;
			buildActionMask = 2147483647;
			files = (
				10100000000000000000001D /* LocalizationAliases.json in Resources */,
				101000000000000000000028 /* FeedbackConfiguration.json in Resources */,
				101000000000000000000029 /* OSMD in Resources */,
				10100000000000000000002A /* SampleScores in Resources */,
				10100000000000000000002B /* Localizable.strings in Resources */,
			);
			runOnlyForDeploymentPostprocessing = 0;
		};
/* End PBXResourcesBuildPhase section */

/* Begin PBXSourcesBuildPhase section */
		107000000000000000000001 /* Sources */ = {
			isa = PBXSourcesBuildPhase;
			buildActionMask = 2147483647;
			files = (
				101000000000000000000001 /* VocalDiveApp.swift in Sources */,
				101000000000000000000002 /* AppSection.swift in Sources */,
				101000000000000000000003 /* MIDIPlaybackService.swift in Sources */,
				101000000000000000000004 /* VocalDiveWorkspace.swift in Sources */,
				101000000000000000000005 /* SampleScoreLibrary.swift in Sources */,
				101000000000000000000006 /* ScoreFormatting.swift in Sources */,
				101000000000000000000007 /* ContentView.swift in Sources */,
				101000000000000000000008 /* DashboardView.swift in Sources */,
				101000000000000000000009 /* PracticeView.swift in Sources */,
				10100000000000000000001A /* ExperimentalFeaturesView.swift in Sources */,
				101000000000000000000019 /* ScoreComposerView.swift in Sources */,
				10100000000000000000000B /* ScoreWorkspaceView.swift in Sources */,
				10100000000000000000000C /* SharedComponents.swift in Sources */,
				10100000000000000000000D /* SidebarView.swift in Sources */,
				10100000000000000000000E /* MIDIWriter.swift in Sources */,
				10100000000000000000001B /* ExperimentalFeature.swift in Sources */,
				10100000000000000000001C /* Localization.swift in Sources */,
				101000000000000000000027 /* AppResourceLocator.swift in Sources */,
				10100000000000000000001E /* LocalizedPresentation.swift in Sources */,
				10100000000000000000001F /* FeedbackConfiguration.swift in Sources */,
				101000000000000000000018 /* MusicXMLComposer.swift in Sources */,
				10100000000000000000000F /* MusicXMLImporter.swift in Sources */,
				101000000000000000000024 /* NativeOMRPrototypeService.swift in Sources */,
				101000000000000000000022 /* ImportedAssetStore.swift in Sources */,
				101000000000000000000025 /* NativeOMRPrototype.swift in Sources */,
				101000000000000000000026 /* ScoreReviewSession.swift in Sources */,
				101000000000000000000012 /* OMRPipeline.swift in Sources */,
				101000000000000000000023 /* PersistenceCoordinator.swift in Sources */,
				101000000000000000000021 /* PersistenceModels.swift in Sources */,
				101000000000000000000010 /* PitchAnalysis.swift in Sources */,
				101000000000000000000011 /* ScoreDocument.swift in Sources */,
				101000000000000000000017 /* UsageAnalytics.swift in Sources */,
				101000000000000000000013 /* YINPitchTracker.swift in Sources */,
				101000000000000000000020 /* FeedbackSubmissionService.swift in Sources */,
				101000000000000000000014 /* LivePitchCaptureService.swift in Sources */,
				101000000000000000000015 /* UsageTrackingStore.swift in Sources */,
				101000000000000000000016 /* SupportView.swift in Sources */,
			);
			runOnlyForDeploymentPostprocessing = 0;
		};
/* End PBXSourcesBuildPhase section */

/* Begin XCBuildConfiguration section */
		110000000000000000000001 /* Debug */ = {
			isa = XCBuildConfiguration;
			buildSettings = {
				ALWAYS_SEARCH_USER_PATHS = NO;
				CLANG_ANALYZER_NONNULL = YES;
				CLANG_ANALYZER_NUMBER_OBJECT_CONVERSION = YES_AGGRESSIVE;
				CLANG_CXX_LANGUAGE_STANDARD = "gnu++20";
				CLANG_ENABLE_MODULES = YES;
				CLANG_ENABLE_OBJC_ARC = YES;
				CLANG_ENABLE_OBJC_WEAK = YES;
				CLANG_WARN_BLOCK_CAPTURE_AUTORELEASING = YES;
				CLANG_WARN_BOOL_CONVERSION = YES;
				CLANG_WARN_COMMA = YES;
				CLANG_WARN_CONSTANT_CONVERSION = YES;
				CLANG_WARN_DEPRECATED_OBJC_IMPLEMENTATIONS = YES;
				CLANG_WARN_DIRECT_OBJC_ISA_USAGE = YES_ERROR;
				CLANG_WARN_DOCUMENTATION_COMMENTS = YES;
				CLANG_WARN_EMPTY_BODY = YES;
				CLANG_WARN_ENUM_CONVERSION = YES;
				CLANG_WARN_INFINITE_RECURSION = YES;
				CLANG_WARN_INT_CONVERSION = YES;
				CLANG_WARN_NON_LITERAL_NULL_CONVERSION = YES;
				CLANG_WARN_OBJC_IMPLICIT_RETAIN_SELF = YES;
				CLANG_WARN_OBJC_LITERAL_CONVERSION = YES;
				CLANG_WARN_OBJC_ROOT_CLASS = YES_ERROR;
				CLANG_WARN_QUOTED_INCLUDE_IN_FRAMEWORK_HEADER = YES;
				CLANG_WARN_RANGE_LOOP_ANALYSIS = YES;
				CLANG_WARN_STRICT_PROTOTYPES = YES;
				CLANG_WARN_SUSPICIOUS_MOVE = YES;
				CLANG_WARN_UNGUARDED_AVAILABILITY = YES_AGGRESSIVE;
				CLANG_WARN_UNREACHABLE_CODE = YES;
				CLANG_WARN__DUPLICATE_METHOD_MATCH = YES;
				COPY_PHASE_STRIP = NO;
				DEBUG_INFORMATION_FORMAT = dwarf;
				ENABLE_STRICT_OBJC_MSGSEND = YES;
				ENABLE_TESTABILITY = YES;
				ENABLE_USER_SCRIPT_SANDBOXING = YES;
				GCC_C_LANGUAGE_STANDARD = gnu17;
				GCC_DYNAMIC_NO_PIC = NO;
				GCC_NO_COMMON_BLOCKS = YES;
				GCC_OPTIMIZATION_LEVEL = 0;
				GCC_PREPROCESSOR_DEFINITIONS = (
					"DEBUG=1",
					"$(inherited)",
				);
				GCC_WARN_64_TO_32_BIT_CONVERSION = YES;
				GCC_WARN_ABOUT_RETURN_TYPE = YES_ERROR;
				GCC_WARN_UNDECLARED_SELECTOR = YES;
				GCC_WARN_UNINITIALIZED_AUTOS = YES_AGGRESSIVE;
				GCC_WARN_UNUSED_FUNCTION = YES;
				GCC_WARN_UNUSED_VARIABLE = YES;
				LOCALIZATION_PREFERS_STRING_CATALOGS = YES;
				MTL_ENABLE_DEBUG_INFO = INCLUDE_SOURCE;
				MTL_FAST_MATH = YES;
				ONLY_ACTIVE_ARCH = YES;
				SDKROOT = auto;
				SWIFT_ACTIVE_COMPILATION_CONDITIONS = "DEBUG $(inherited)";
				SWIFT_OPTIMIZATION_LEVEL = "-Onone";
			};
			name = Debug;
		};
		110000000000000000000002 /* Release */ = {
			isa = XCBuildConfiguration;
			buildSettings = {
				ALWAYS_SEARCH_USER_PATHS = NO;
				CLANG_ANALYZER_NONNULL = YES;
				CLANG_ANALYZER_NUMBER_OBJECT_CONVERSION = YES_AGGRESSIVE;
				CLANG_CXX_LANGUAGE_STANDARD = "gnu++20";
				CLANG_ENABLE_MODULES = YES;
				CLANG_ENABLE_OBJC_ARC = YES;
				CLANG_ENABLE_OBJC_WEAK = YES;
				CLANG_WARN_BLOCK_CAPTURE_AUTORELEASING = YES;
				CLANG_WARN_BOOL_CONVERSION = YES;
				CLANG_WARN_COMMA = YES;
				CLANG_WARN_CONSTANT_CONVERSION = YES;
				CLANG_WARN_DEPRECATED_OBJC_IMPLEMENTATIONS = YES;
				CLANG_WARN_DIRECT_OBJC_ISA_USAGE = YES_ERROR;
				CLANG_WARN_DOCUMENTATION_COMMENTS = YES;
				CLANG_WARN_EMPTY_BODY = YES;
				CLANG_WARN_ENUM_CONVERSION = YES;
				CLANG_WARN_INFINITE_RECURSION = YES;
				CLANG_WARN_INT_CONVERSION = YES;
				CLANG_WARN_NON_LITERAL_NULL_CONVERSION = YES;
				CLANG_WARN_OBJC_IMPLICIT_RETAIN_SELF = YES;
				CLANG_WARN_OBJC_LITERAL_CONVERSION = YES;
				CLANG_WARN_OBJC_ROOT_CLASS = YES_ERROR;
				CLANG_WARN_QUOTED_INCLUDE_IN_FRAMEWORK_HEADER = YES;
				CLANG_WARN_RANGE_LOOP_ANALYSIS = YES;
				CLANG_WARN_STRICT_PROTOTYPES = YES;
				CLANG_WARN_SUSPICIOUS_MOVE = YES;
				CLANG_WARN_UNGUARDED_AVAILABILITY = YES_AGGRESSIVE;
				CLANG_WARN_UNREACHABLE_CODE = YES;
				CLANG_WARN__DUPLICATE_METHOD_MATCH = YES;
				COPY_PHASE_STRIP = NO;
				DEBUG_INFORMATION_FORMAT = "dwarf-with-dsym";
				ENABLE_NS_ASSERTIONS = NO;
				ENABLE_STRICT_OBJC_MSGSEND = YES;
				ENABLE_USER_SCRIPT_SANDBOXING = YES;
				GCC_C_LANGUAGE_STANDARD = gnu17;
				GCC_NO_COMMON_BLOCKS = YES;
				GCC_WARN_64_TO_32_BIT_CONVERSION = YES;
				GCC_WARN_ABOUT_RETURN_TYPE = YES_ERROR;
				GCC_WARN_UNDECLARED_SELECTOR = YES;
				GCC_WARN_UNINITIALIZED_AUTOS = YES_AGGRESSIVE;
				GCC_WARN_UNUSED_FUNCTION = YES;
				GCC_WARN_UNUSED_VARIABLE = YES;
				LOCALIZATION_PREFERS_STRING_CATALOGS = YES;
				MTL_ENABLE_DEBUG_INFO = NO;
				MTL_FAST_MATH = YES;
				SDKROOT = auto;
				SWIFT_COMPILATION_MODE = wholemodule;
				VALIDATE_PRODUCT = YES;
			};
			name = Release;
		};
		110000000000000000000003 /* Debug */ = {
			isa = XCBuildConfiguration;
			baseConfigurationReference = 102000000000000000000028 /* SharedSigningDefaults.xcconfig */;
			buildSettings = {
				ASSETCATALOG_COMPILER_GLOBAL_ACCENT_COLOR_NAME = AccentColor;
				CURRENT_PROJECT_VERSION = 1;
				DEVELOPMENT_ASSET_PATHS = "";
				ENABLE_PREVIEWS = YES;
				GENERATE_INFOPLIST_FILE = YES;
				INFOPLIST_KEY_CFBundleDisplayName = VocalDive;
				INFOPLIST_KEY_LSApplicationCategoryType = "public.app-category.music";
				INFOPLIST_KEY_NSMicrophoneUsageDescription = "VocalDive will use the microphone to analyze singing pitch during practice.";
				INFOPLIST_KEY_UIApplicationSceneManifest_Generation = YES;
				INFOPLIST_KEY_UIApplicationSupportsIndirectInputEvents = YES;
				INFOPLIST_KEY_UILaunchScreen_Generation = YES;
				INFOPLIST_KEY_UISupportedInterfaceOrientations = "UIInterfaceOrientationPortrait UIInterfaceOrientationLandscapeLeft UIInterfaceOrientationLandscapeRight";
				INFOPLIST_KEY_UISupportedInterfaceOrientations_iPad = "UIInterfaceOrientationPortrait UIInterfaceOrientationPortraitUpsideDown UIInterfaceOrientationLandscapeLeft UIInterfaceOrientationLandscapeRight";
				IPHONEOS_DEPLOYMENT_TARGET = 17.0;
				MACOSX_DEPLOYMENT_TARGET = 14.0;
				MARKETING_VERSION = 0.1.0;
				PRODUCT_NAME = "$(TARGET_NAME)";
				SDKROOT = auto;
				SUPPORTED_PLATFORMS = "iphoneos iphonesimulator macosx";
				SUPPORTS_MACCATALYST = NO;
				SUPPORTS_MAC_DESIGNED_FOR_IPHONE_IPAD = NO;
				SWIFT_EMIT_LOC_STRINGS = YES;
				SWIFT_VERSION = 6.0;
				TARGETED_DEVICE_FAMILY = "1,2,6";
			};
			name = Debug;
		};
		110000000000000000000004 /* Release */ = {
			isa = XCBuildConfiguration;
			baseConfigurationReference = 102000000000000000000028 /* SharedSigningDefaults.xcconfig */;
			buildSettings = {
				ASSETCATALOG_COMPILER_GLOBAL_ACCENT_COLOR_NAME = AccentColor;
				CURRENT_PROJECT_VERSION = 1;
				DEVELOPMENT_ASSET_PATHS = "";
				ENABLE_PREVIEWS = YES;
				GENERATE_INFOPLIST_FILE = YES;
				INFOPLIST_KEY_CFBundleDisplayName = VocalDive;
				INFOPLIST_KEY_LSApplicationCategoryType = "public.app-category.music";
				INFOPLIST_KEY_NSMicrophoneUsageDescription = "VocalDive will use the microphone to analyze singing pitch during practice.";
				INFOPLIST_KEY_UIApplicationSceneManifest_Generation = YES;
				INFOPLIST_KEY_UIApplicationSupportsIndirectInputEvents = YES;
				INFOPLIST_KEY_UILaunchScreen_Generation = YES;
				INFOPLIST_KEY_UISupportedInterfaceOrientations = "UIInterfaceOrientationPortrait UIInterfaceOrientationLandscapeLeft UIInterfaceOrientationLandscapeRight";
				INFOPLIST_KEY_UISupportedInterfaceOrientations_iPad = "UIInterfaceOrientationPortrait UIInterfaceOrientationPortraitUpsideDown UIInterfaceOrientationLandscapeLeft UIInterfaceOrientationLandscapeRight";
				IPHONEOS_DEPLOYMENT_TARGET = 17.0;
				MACOSX_DEPLOYMENT_TARGET = 14.0;
				MARKETING_VERSION = 0.1.0;
				PRODUCT_NAME = "$(TARGET_NAME)";
				SDKROOT = auto;
				SUPPORTED_PLATFORMS = "iphoneos iphonesimulator macosx";
				SUPPORTS_MACCATALYST = NO;
				SUPPORTS_MAC_DESIGNED_FOR_IPHONE_IPAD = NO;
				SWIFT_EMIT_LOC_STRINGS = YES;
				SWIFT_VERSION = 6.0;
				TARGETED_DEVICE_FAMILY = "1,2,6";
			};
			name = Release;
		};
/* End XCBuildConfiguration section */

/* Begin XCConfigurationList section */
		109000000000000000000001 /* Build configuration list for PBXProject "VocalDive" */ = {
			isa = XCConfigurationList;
			buildConfigurations = (
				110000000000000000000001 /* Debug */,
				110000000000000000000002 /* Release */,
			);
			defaultConfigurationIsVisible = 0;
			defaultConfigurationName = Release;
		};
		109000000000000000000002 /* Build configuration list for PBXNativeTarget "VocalDive" */ = {
			isa = XCConfigurationList;
			buildConfigurations = (
				110000000000000000000003 /* Debug */,
				110000000000000000000004 /* Release */,
			);
			defaultConfigurationIsVisible = 0;
			defaultConfigurationName = Release;
		};
/* End XCConfigurationList section */
	};
	rootObject = 108000000000000000000001 /* Project object */;
}
